
Microsoft Visual Studio Solution File, Format Version 12.00
# Visual Studio Version 17
VisualStudioVersion = 17.7.34024.191
MinimumVisualStudioVersion = 10.0.40219.1
Project("{FAE04EC0-301F-11D3-BF4B-00C04F79EFBC}") = "DrogueriaUI", "DrogueriaUI\DrogueriaUI.csproj", "{AC06A701-A20D-43CB-8EA6-5310102EDA81}"
EndProject
Global
	GlobalSection(SolutionConfigurationPlatforms) = preSolution
		Debug|Any CPU = Debug|Any CPU
		Release|Any CPU = Release|Any CPU
	EndGlobalSection
	GlobalSection(ProjectConfigurationPlatforms) = postSolution
		{AC06A701-A20D-43CB-8EA6-5310102EDA81}.Debug|Any CPU.ActiveCfg = Debug|Any CPU
		{AC06A701-A20D-43CB-8EA6-5310102EDA81}.Debug|Any CPU.Build.0 = Debug|Any CPU
		{AC06A701-A20D-43CB-8EA6-5310102EDA81}.Release|Any CPU.ActiveCfg = Release|Any CPU
		{AC06A701-A20D-43CB-8EA6-5310102EDA81}.Release|Any CPU.Build.0 = Release|Any CPU
	EndGlobalSection
	GlobalSection(SolutionProperties) = preSolution
		HideSolutionNode = FALSE
	EndGlobalSection
	GlobalSection(ExtensibilityGlobals) = postSolution
		SolutionGuid = {DF8DF1D3-C427-4CE4-A90E-44C4C1AD632F}
	EndGlobalSection
EndGlobal
